version = 1
revision = 3
requires-python = ">=3.11"
resolution-markers = [
    "python_full_version >= '3.12'",
    "python_full_version < '3.12'",
]

[[package]]
name = "asgiref"
version = "3.12.1"
source = { registry = "https://pypi.org/simple" }
sdist = { url = "https://files.pythonhosted.org/packages/e6/26/3b59f2bdae5f640389becb1f673cded775287f5fc4f816309d9ca9a3f93d/asgiref-3.12.1.tar.gz", hash = "sha256:59dcb51c272ad209d59bed5708a64a333083e86017d7fcdd67498eeab7784340", size = 42378, upload-time = "2026-07-14T09:56:18.087Z" }
wheels = [
    { url = "https://files.pythonhosted.org/packages/c0/1b/54f4ad77cd8a584fa70746c47df988e002cf1ee1eba43364d46f87803647/asgiref-3.12.1-py3-none-any.whl", hash = "sha256:fe386d1c2bff7259ea95929266d12a8cf9a8b5a1c2598402967d8792e7a7c094", size = 25478, upload-time = "2026-07-14T09:56:16.926Z" },
]

[[package]]
name = "bleach"
version = "6.4.0"
source = { registry = "https://pypi.org/simple" }
dependencies = [
    { name = "webencodings" },
]
sdist = { url = "https://files.pythonhosted.org/packages/48/3c/e12ac860709702bd5ebeb9b56a4fe334f1001246ee1b8f2b7ee28912df7d/bleach-6.4.0.tar.gz", hash = "sha256:4202482733d85cedd04e59fcb2f89f4e4c7c385a78d3c3c23c30446843a37452", size = 204857, upload-time = "2026-06-05T13:01:13.734Z" }
wheels = [
    { url = "https://files.pythonhosted.org/packages/58/9d/40b6267367182187139a4000b82a3b287d84d745bccd808e75d916920e9d/bleach-6.4.0-py3-none-any.whl", hash = "sha256:4b6b6a54fff2e69a3dde9d21cc6301220bee3c3cb792187d11403fd795031081", size = 165109, upload-time = "2026-06-05T13:01:12.504Z" },
]

[[package]]
name = "django"
version = "5.2.17"
source = { registry = "https://pypi.org/simple" }
resolution-markers = [
    "python_full_version < '3.12'",
]
dependencies = [
    { name = "asgiref", marker = "python_full_version < '3.12'" },
    { name = "sqlparse", marker = "python_full_version < '3.12'" },
    { name = "tzdata", marker = "python_full_version < '3.12' and sys_platform == 'win32'" },
]
sdist = { url = "https://files.pythonhosted.org/packages/d5/d8/43e9d000519adceb189620b6869ff88031e046df91c2e9da72f8f6918399/django-5.2.17.tar.gz", hash = "sha256:9d4d93be539a18ab80d058eb515900e10951e04c537c5a6b394fc49528d3251f", size = 10889740, upload-time = "2026-08-04T15:04:03.173Z" }
wheels = [
    { url = "https://files.pythonhosted.org/packages/df/f8/ce120525ca78f12b07daf65786679c5d0b54a75285a8958d3ae55e39da35/django-5.2.17-py3-none-any.whl", hash = "sha256:f04fb3b36ee119e1af4fa1d397d5fd6cf12700f49321e84d4f4c642c5b1973db", size = 8315563, upload-time = "2026-08-04T15:03:59.1Z" },
]

[[package]]
name = "django"
version = "6.1"
source = { registry = "https://pypi.org/simple" }
resolution-markers = [
    "python_full_version >= '3.12'",
]
dependencies = [
    { name = "asgiref", marker = "python_full_version >= '3.12'" },
    { name = "sqlparse", marker = "python_full_version >= '3.12'" },
    { name = "tzdata", marker = "python_full_version >= '3.12' and sys_platform == 'win32'" },
]
sdist = { url = "https://files.pythonhosted.org/packages/e2/42/6cb20996733984c1f6661daeda3877990836c76c633c6c8879d39f7120eb/django-6.1.tar.gz", hash = "sha256:86a2aacd59b817e4d6ac2ebfe22356c58f66f7b24e503f71b7c2fead677ee48b", size = 11223034, upload-time = "2026-08-05T19:21:53.789Z" }
wheels = [
    { url = "https://files.pythonhosted.org/packages/91/9c/ce847620134cfab903e75690c498af73b46abbede2912ea89bd76d5c1e76/django-6.1-py3-none-any.whl", hash = "sha256:6c132cd980c9392b06807d4ca52d72530d631dc65a85d9dacede00a780cefbbe", size = 8417399, upload-time = "2026-08-05T19:21:47.285Z" },
]

[[package]]
name = "django-autocomplete-light"
version = "5.0.0"
source = { registry = "https://pypi.org/simple" }
dependencies = [
    { name = "django", version = "5.2.17", source = { registry = "https://pypi.org/simple" }, marker = "python_full_version < '3.12'" },
    { name = "django", version = "6.1", source = { registry = "https://pypi.org/simple" }, marker = "python_full_version >= '3.12'" },
]
sdist = { url = "https://files.pythonhosted.org/packages/5d/ca/1288c2c7597484340c6ba5e3911c84b552511310633954d7aa496610e45a/django_autocomplete_light-5.0.0.tar.gz", hash = "sha256:115ee3541ee4a7ddd1b92396ea75d0f38d0b91899b0dc17259310975c728b32e", size = 117640, upload-time = "2026-06-18T01:43:28.909Z" }
wheels = [
    { url = "https://files.pythonhosted.org/packages/e1/bd/9e9cc8746bf51031a477dd21ee3a08449ab9d94739a242622dc381ebe763/django_autocomplete_light-5.0.0-py3-none-any.whl", hash = "sha256:6fa30efa43e87ff17266e638de04accb11543186e332b09ae43cbccb10e804bb", size = 134025, upload-time = "2026-06-18T01:43:27.178Z" },
]

[[package]]
name = "django-todo"
version = "2.7.0"
source = { editable = "." }
dependencies = [
    { name = "bleach" },
    { name = "django", version = "5.2.17", source = { registry = "https://pypi.org/simple" }, marker = "python_full_version < '3.12'" },
    { name = "django", version = "6.1", source = { registry = "https://pypi.org/simple" }, marker = "python_full_version >= '3.12'" },
    { name = "django-autocomplete-light" },
    { name = "factory-boy" },
    { name = "html2text" },
    { name = "titlecase" },
]

[package.metadata]
requires-dist = [
    { name = "bleach" },
    { name = "django", specifier = ">=5.2" },
    { name = "django-autocomplete-light" },
    { name = "factory-boy" },
    { name = "html2text" },
    { name = "titlecase" },
]

[[package]]
name = "factory-boy"
version = "3.3.3"
source = { registry = "https://pypi.org/simple" }
dependencies = [
    { name = "faker" },
]
sdist = { url = "https://files.pythonhosted.org/packages/ba/98/75cacae9945f67cfe323829fc2ac451f64517a8a330b572a06a323997065/factory_boy-3.3.3.tar.gz", hash = "sha256:866862d226128dfac7f2b4160287e899daf54f2612778327dd03d0e2cb1e3d03", size = 164146, upload-time = "2025-02-03T09:49:04.433Z" }
wheels = [
    { url = "https://files.pythonhosted.org/packages/27/8d/2bc5f5546ff2ccb3f7de06742853483ab75bf74f36a92254702f8baecc79/factory_boy-3.3.3-py2.py3-none-any.whl", hash = "sha256:1c39e3289f7e667c4285433f305f8d506efc2fe9c73aaea4151ebd5cdea394fc", size = 37036, upload-time = "2025-02-03T09:49:01.659Z" },
]

[[package]]
name = "faker"
version = "40.37.0"
source = { registry = "https://pypi.org/simple" }
dependencies = [
    { name = "tzdata", marker = "sys_platform == 'win32'" },
]
sdist = { url = "https://files.pythonhosted.org/packages/f6/fb/35acc76128d5ee8983d940da871cc8eba876e7b0e9e6bd402ecd7104dcdc/faker-40.37.0.tar.gz", hash = "sha256:a92dff7f310e61fb544c61720e15edb2e7448bc33d15a321a99e9ab7b94abf54", size = 2025920, upload-time = "2026-08-21T16:33:16.261Z" }
wheels = [
    { url = "https://files.pythonhosted.org/packages/3e/22/bf589b6b2c7527047f55450358fbe5961aeaadf168d6b51a1a1c67da497f/faker-40.37.0-py3-none-any.whl", hash = "sha256:ddbafa55c94d5b69c08ced3a7f202614204a02e07ba6548c729b8d18acc0b490", size = 2062853, upload-time = "2026-08-21T16:33:14.516Z" },
]

[[package]]
name = "html2text"
version = "2025.4.15"
source = { registry = "https://pypi.org/simple" }
sdist = { url = "https://files.pythonhosted.org/packages/f8/27/e158d86ba1e82967cc2f790b0cb02030d4a8bef58e0c79a8590e9678107f/html2text-2025.4.15.tar.gz", hash = "sha256:948a645f8f0bc3abe7fd587019a2197a12436cd73d0d4908af95bfc8da337588", size = 64316, upload-time = "2025-04-15T04:02:30.045Z" }
wheels = [
    { url = "https://files.pythonhosted.org/packages/1d/84/1a0f9555fd5f2b1c924ff932d99b40a0f8a6b12f6dd625e2a47f415b00ea/html2text-2025.4.15-py3-none-any.whl", hash = "sha256:00569167ffdab3d7767a4cdf589b7f57e777a5ed28d12907d8c58769ec734acc", size = 34656, upload-time = "2025-04-15T04:02:28.44Z" },
]

[[package]]
name = "sqlparse"
version = "0.6.0"
source = { registry = "https://pypi.org/simple" }
sdist = { url = "https://files.pythonhosted.org/packages/5f/d3/3f06a1006f2261d1342aefb3c71eed02f5d4ca5bdbecd86ebc12ad38306e/sqlparse-0.6.0.tar.gz", hash = "sha256:113c35c75365ab9cc9c7231d68c6428fb11c085fc8e9eb1ad659b7ddbf6cd2b9", size = 178477, upload-time = "2026-08-13T19:16:06.396Z" }
wheels = [
    { url = "https://files.pythonhosted.org/packages/d9/50/f00935da0ec7cbf325f8dc4f772ae46fbc7b672dd62876e73f0a94adda57/sqlparse-0.6.0-py3-none-any.whl", hash = "sha256:b861c0288ce2fa56209a9a6412d2e066ac664b3873b89c26c9d8415e8e32996f", size = 50070, upload-time = "2026-08-13T19:16:04.062Z" },
]

[[package]]
name = "titlecase"
version = "2.4.1"
source = { registry = "https://pypi.org/simple" }
sdist = { url = "https://files.pythonhosted.org/packages/63/17/04d2d3e30e2bc5a3eefa1060b08e3fb628510440f938eaecabbe08976a26/titlecase-2.4.1.tar.gz", hash = "sha256:7d83a277ccbbda11a2944e78a63e5ccaf3d32f828c594312e4862f9a07f635f5", size = 14434, upload-time = "2023-09-23T05:03:46.389Z" }

[[package]]
name = "tzdata"
version = "2026.3"
source = { registry = "https://pypi.org/simple" }
sdist = { url = "https://files.pythonhosted.org/packages/92/ff/5a28bdfd8c3ebec42564ac7d0e54ca3db65044a9314a97f9564fa7a1e926/tzdata-2026.3.tar.gz", hash = "sha256:4a1518b8993086a7982523e071643f3c0e5f213e75b21318e78bcabfff9d1415", size = 198674, upload-time = "2026-07-10T08:50:37.887Z" }
wheels = [
    { url = "https://files.pythonhosted.org/packages/e5/6d/b53b99a9f2766d095985947a5782f1702cabb129a34f7a802d7197af832f/tzdata-2026.3-py2.py3-none-any.whl", hash = "sha256:dc096730c87af6cab1b171c9d532be840741ff5d459015e7f6947bd7d7e54931", size = 348168, upload-time = "2026-07-10T08:50:36.46Z" },
]

[[package]]
name = "webencodings"
version = "0.6.1"
source = { registry = "https://pypi.org/simple" }
sdist = { url = "https://files.pythonhosted.org/packages/d5/a0/8fd707bcb776a7be556bad06a2ea5fb9bd519df78ef8e26f70ccf0f38bff/webencodings-0.6.1.tar.gz", hash = "sha256:565f9ad031c702dae404e27a099e3e09186a3ab1b9520f06d215502b651fd910", size = 15001, upload-time = "2026-08-15T14:22:57.549Z" }
wheels = [
    { url = "https://files.pythonhosted.org/packages/77/c6/040cbc72480d789a5f40d63fb484d3106554c4dfa2d2b70ad5022057750f/webencodings-0.6.1-py3-none-any.whl", hash = "sha256:7fab6269c8bf237c657876b52058ccb182e861518d1c695c1a9aaa8c1c105d5b", size = 8745, upload-time = "2026-08-15T14:22:56.31Z" },
]
